<?xml version="1.0" encoding="utf-8"?>
<Project ToolsVersion="4.0" xmlns="http://schemas.microsoft.com/developer/msbuild/2003">
  <ItemGroup>
    <Filter Include="Source Files">
      <UniqueIdentifier>{4FC737F1-C7A5-4376-A066-2A32D752A2FF}</UniqueIdentifier>
      <Extensions>cpp;c;cc;cxx;def;odl;idl;hpj;bat;asm;asmx</Extensions>
    </Filter>
    <Filter Include="Header Files">
      <UniqueIdentifier>{93995380-89BD-4b04-88EB-625FBE52EBFB}</UniqueIdentifier>
      <Extensions>h;hh;hpp;hxx;hm;inl;inc;xsd</Extensions>
    </Filter>
    <Filter Include="Resource Files">
      <UniqueIdentifier>{67DA6AB6-F800-4c08-8B7A-83BB121AAD01}</UniqueIdentifier>
      <Extensions>rc;ico;cur;bmp;dlg;rc2;rct;bin;rgs;gif;jpg;jpeg;jpe;resx;tiff;tif;png;wav;mfcribbon-ms</Extensions>
    </Filter>
    <Filter Include="Header Files\objects">
      <UniqueIdentifier>{89cd75ea-30a6-4629-a001-68151fe9f390}</UniqueIdentifier>
    </Filter>
    <Filter Include="Header Files\states">
      <UniqueIdentifier>{265d1d91-34c5-4768-98d5-0466c760f940}</UniqueIdentifier>
    </Filter>
    <Filter Include="Header Files\enemies">
      <UniqueIdentifier>{4b355a45-9709-4c12-a67d-67bed4bd4dc7}</UniqueIdentifier>
    </Filter>
    <Filter Include="Header Files\level">
      <UniqueIdentifier>{5a25591d-1472-4628-8935-571c5c35d731}</UniqueIdentifier>
    </Filter>
    <Filter Include="Header Files\projectiles">
      <UniqueIdentifier>{22f1483c-b978-4058-bc62-93d70669bc88}</UniqueIdentifier>
    </Filter>
    <Filter Include="Header Files\ai_system">
      <UniqueIdentifier>{3af7b57f-dd0e-47bb-a089-d6a43130fc11}</UniqueIdentifier>
    </Filter>
    <Filter Include="Header Files\particles">
      <UniqueIdentifier>{4d2c83d7-990e-47fc-a032-10a05f748797}</UniqueIdentifier>
    </Filter>
    <Filter Include="Header Files\gameplay_management">
      <UniqueIdentifier>{4a0c6875-3705-45f3-bda9-7e3669027023}</UniqueIdentifier>
    </Filter>
  </ItemGroup>
  <ItemGroup>
    <ClInclude Include="CubeObject.h">
      <Filter>Header Files\objects</Filter>
    </ClInclude>
    <ClInclude Include="MainCharacter.h">
      <Filter>Header Files\objects</Filter>
    </ClInclude>
    <ClInclude Include="TexturedCubeObject.h">
      <Filter>Header Files\objects</Filter>
    </ClInclude>
    <ClInclude Include="PauseState.h">
      <Filter>Header Files\states</Filter>
    </ClInclude>
    <ClInclude Include="PlayingState.h">
      <Filter>Header Files\states</Filter>
    </ClInclude>
    <ClInclude Include="BasicEnemy.h">
      <Filter>Header Files\enemies</Filter>
    </ClInclude>
    <ClInclude Include="EnemyManager.h">
      <Filter>Header Files\enemies</Filter>
    </ClInclude>
    <ClInclude Include="PullableEnemy.h">
      <Filter>Header Files\enemies</Filter>
    </ClInclude>
    <ClInclude Include="RangedEnemy.h">
      <Filter>Header Files\enemies</Filter>
    </ClInclude>
    <ClInclude Include="Trail.h">
      <Filter>Header Files\objects</Filter>
    </ClInclude>
    <ClInclude Include="Map.h">
      <Filter>Header Files\level</Filter>
    </ClInclude>
    <ClInclude Include="BasicMap.h">
      <Filter>Header Files\level</Filter>
    </ClInclude>
    <ClInclude Include="Projectile.h">
      <Filter>Header Files\projectiles</Filter>
    </ClInclude>
    <ClInclude Include="ChainedProjectile.h">
      <Filter>Header Files\projectiles</Filter>
    </ClInclude>
    <ClInclude Include="Platform.h">
      <Filter>Header Files\objects</Filter>
    </ClInclude>
    <ClInclude Include="PlatformManager.h">
      <Filter>Header Files\objects</Filter>
    </ClInclude>
    <ClInclude Include="MenuState.h">
      <Filter>Header Files\states</Filter>
    </ClInclude>
    <ClInclude Include="Explosion.h">
      <Filter>Header Files\objects</Filter>
    </ClInclude>
    <ClInclude Include="AISystem.h">
      <Filter>Header Files\ai_system</Filter>
    </ClInclude>
    <ClInclude Include="SwarmEnemy.h">
      <Filter>Header Files\ai_system</Filter>
    </ClInclude>
    <ClInclude Include="Enemy.h">
      <Filter>Header Files\enemies</Filter>
    </ClInclude>
    <ClInclude Include="WalkerEnemy.h">
      <Filter>Header Files\enemies</Filter>
    </ClInclude>
    <ClInclude Include="Particles.h">
      <Filter>Header Files\particles</Filter>
    </ClInclude>
    <ClInclude Include="GameManager.h">
      <Filter>Header Files\gameplay_management</Filter>
    </ClInclude>
    <ClInclude Include="CollectableArrow.h">
      <Filter>Header Files\projectiles</Filter>
    </ClInclude>
    <ClInclude Include="BaseTree.h">
      <Filter>Header Files\objects</Filter>
    </ClInclude>
  </ItemGroup>
  <ItemGroup>
    <ClCompile Include="CubeObject.cpp">
      <Filter>Source Files</Filter>
    </ClCompile>
    <ClCompile Include="MainCharacter.cpp">
      <Filter>Source Files</Filter>
    </ClCompile>
    <ClCompile Include="PauseState.cpp">
      <Filter>Source Files</Filter>
    </ClCompile>
    <ClCompile Include="PlayingState.cpp">
      <Filter>Source Files</Filter>
    </ClCompile>
    <ClCompile Include="Source.cpp">
      <Filter>Source Files</Filter>
    </ClCompile>
    <ClCompile Include="TexturedCubeObject.cpp">
      <Filter>Source Files</Filter>
    </ClCompile>
    <ClCompile Include="Projectile.cpp">
      <Filter>Source Files</Filter>
    </ClCompile>
    <ClCompile Include="BasicEnemy.cpp">
      <Filter>Source Files</Filter>
    </ClCompile>
    <ClCompile Include="EnemyManager.cpp">
      <Filter>Source Files</Filter>
    </ClCompile>
    <ClCompile Include="RangedEnemy.cpp">
      <Filter>Source Files</Filter>
    </ClCompile>
    <ClCompile Include="ChainedProjectile.cpp">
      <Filter>Source Files</Filter>
    </ClCompile>
    <ClCompile Include="Trail.cpp">
      <Filter>Source Files</Filter>
    </ClCompile>
    <ClCompile Include="BasicMap.cpp">
      <Filter>Source Files</Filter>
    </ClCompile>
    <ClCompile Include="Platform.cpp">
      <Filter>Source Files</Filter>
    </ClCompile>
    <ClCompile Include="PlatformManager.cpp">
      <Filter>Source Files</Filter>
    </ClCompile>
    <ClCompile Include="MenuState.cpp">
      <Filter>Source Files</Filter>
    </ClCompile>
    <ClCompile Include="Explosion.cpp">
      <Filter>Source Files</Filter>
    </ClCompile>
    <ClCompile Include="SwarmEnemy.cpp">
      <Filter>Source Files</Filter>
    </ClCompile>
    <ClCompile Include="AISystem.cpp">
      <Filter>Source Files</Filter>
    </ClCompile>
    <ClCompile Include="WalkerEnemy.cpp">
      <Filter>Source Files</Filter>
    </ClCompile>
    <ClCompile Include="Particles.cpp">
      <Filter>Source Files</Filter>
    </ClCompile>
    <ClCompile Include="GameManager.cpp">
      <Filter>Source Files</Filter>
    </ClCompile>
    <ClCompile Include="CollectableArrow.cpp">
      <Filter>Source Files</Filter>
    </ClCompile>
    <ClCompile Include="BaseTree.cpp">
      <Filter>Source Files</Filter>
    </ClCompile>
  </ItemGroup>
</Project>